{
  "name": "cellular-automata-voxel-shader",
  "version": "0.4.0",
  "lockfileVersion": 1,
  "requires": true,
  "dependencies": {
    "cellular-automata-rule-parser": {
      "version": "3.0.0",
      "resolved": "https://registry.npmjs.org/cellular-automata-rule-parser/-/cellular-automata-rule-parser-3.0.0.tgz",
      "integrity": "sha512-p4OqbzMcNIctelwno4iurmlH7ryv/kGrMDEsjwiscAdehPrAiLFZJELmGxOz3JCLA1hnSrGdbdOpEYMxKD0UJQ=="
    },
    "moore": {
      "version": "1.0.0",
      "resolved": "https://registry.npmjs.org/moore/-/moore-1.0.0.tgz",
      "integrity": "sha1-HSspjDLP0zDbD+gaC1usMZ/Z62U="
    },
    "unconventional-neighbours": {
      "version": "1.0.0",
      "resolved": "https://registry.npmjs.org/unconventional-neighbours/-/unconventional-neighbours-1.0.0.tgz",
      "integrity": "sha1-WtMhFkZCOTDsBB72AFhaUvZVtUg="
    },
    "uniq": {
      "version": "1.0.1",
      "resolved": "https://registry.npmjs.org/uniq/-/uniq-1.0.1.tgz",
      "integrity": "sha1-sxxa6CVIRKOoKBVBzisEuGWnNP8="
    },
    "von-neumann": {
      "version": "1.0.1",
      "resolved": "https://registry.npmjs.org/von-neumann/-/von-neumann-1.0.1.tgz",
      "integrity": "sha1-P8Xk/9UOIa2Lk70Wfw+KTnmSdhY="
    }
  }
}
